
Microsoft Visual Studio Solution File, Format Version 12.00
# Visual Studio 2013
VisualStudioVersion = 12.0.30723.0
MinimumVisualStudioVersion = 10.0.40219.1
Project("{FAE04EC0-301F-11D3-BF4B-00C04F79EFBC}") = "OceanWechat", "OceanWechat\OceanWechat.csproj", "{B2932948-F30E-4788-B9AB-8753C1E881AD}"
EndProject
Project("{FAE04EC0-301F-11D3-BF4B-00C04F79EFBC}") = "OceanWechat.Tests", "OceanWechat.Tests\OceanWechat.Tests.csproj", "{796FDF3B-DA5F-43BC-A9BF-DF2EB6AE207A}"
EndProject
Project("{FAE04EC0-301F-11D3-BF4B-00C04F79EFBC}") = "Wechat.SDK", "Wechat.SDK\Wechat.SDK.csproj", "{D3524D80-1D4E-40E8-A204-5580318563BD}"
EndProject
Global
	GlobalSection(SolutionConfigurationPlatforms) = preSolution
		Debug|Any CPU = Debug|Any CPU
		Release|Any CPU = Release|Any CPU
	EndGlobalSection
	GlobalSection(ProjectConfigurationPlatforms) = postSolution
		{B2932948-F30E-4788-B9AB-8753C1E881AD}.Debug|Any CPU.ActiveCfg = Debug|Any CPU
		{B2932948-F30E-4788-B9AB-8753C1E881AD}.Debug|Any CPU.Build.0 = Debug|Any CPU
		{B2932948-F30E-4788-B9AB-8753C1E881AD}.Release|Any CPU.ActiveCfg = Release|Any CPU
		{B2932948-F30E-4788-B9AB-8753C1E881AD}.Release|Any CPU.Build.0 = Release|Any CPU
		{796FDF3B-DA5F-43BC-A9BF-DF2EB6AE207A}.Debug|Any CPU.ActiveCfg = Debug|Any CPU
		{796FDF3B-DA5F-43BC-A9BF-DF2EB6AE207A}.Debug|Any CPU.Build.0 = Debug|Any CPU
		{796FDF3B-DA5F-43BC-A9BF-DF2EB6AE207A}.Release|Any CPU.ActiveCfg = Release|Any CPU
		{796FDF3B-DA5F-43BC-A9BF-DF2EB6AE207A}.Release|Any CPU.Build.0 = Release|Any CPU
		{D3524D80-1D4E-40E8-A204-5580318563BD}.Debug|Any CPU.ActiveCfg = Debug|Any CPU
		{D3524D80-1D4E-40E8-A204-5580318563BD}.Debug|Any CPU.Build.0 = Debug|Any CPU
		{D3524D80-1D4E-40E8-A204-5580318563BD}.Release|Any CPU.ActiveCfg = Release|Any CPU
		{D3524D80-1D4E-40E8-A204-5580318563BD}.Release|Any CPU.Build.0 = Release|Any CPU
	EndGlobalSection
	GlobalSection(SolutionProperties) = preSolution
		HideSolutionNode = FALSE
	EndGlobalSection
EndGlobal
